golang.org/x/sys v0.0.0-20181121002834-0cf1ed9e522b h1:fpg9kqwtLzitbbnpLJATV5Ty8sDv8sJ2ii9+e6fG89A=
golang.org/x/sys v0.0.0-20181121002834-0cf1ed9e522b/go.mod h1:STP8DvDyc/dI5b8T5hshtkjS+E42TnysNCUPdjciGhY=
golang.org/x/sys v0.0.0-20191128015809-6d18c012aee9 h1:ZBzSG/7F4eNKz2L3GE9o300RX0Az1Bw5HF7PDraD+qU=
golang.org/x/sys v0.0.0-20191128015809-6d18c012aee9/go.mod h1:h1NjWce9XRLGQEsW7wpKNCjG9DtNlClVuFLEZdDNbEs=
